
Microsoft Visual Studio Solution File, Format Version 12.00
# Visual Studio Version 17
VisualStudioVersion = 17.5.002.0
MinimumVisualStudioVersion = 10.0.40219.1
Project("{2150E333-8FDC-42A3-9474-1A3956D46DE8}") = "EasyLevel", "EasyLevel", "{0BE3A54E-0601-4739-88D9-CEE56D1D304A}"
EndProject
Project("{9A19103F-16F7-4668-BE54-9A1E7A4F7556}") = "ChallengeOne", "EasyLevel\Challenge1\ChallengeOne.csproj", "{AAFB9B38-DE15-4922-96E4-E0C6BBDE729B}"
EndProject
Project("{9A19103F-16F7-4668-BE54-9A1E7A4F7556}") = "Challenge10", "EasyLevel\Challenge10\Challenge10.csproj", "{B6350F6B-7F45-4FBF-8E0F-BFF0289C44D7}"
EndProject
Project("{9A19103F-16F7-4668-BE54-9A1E7A4F7556}") = "Challenge2", "EasyLevel\Challenge2\Challenge2.csproj", "{D143EAE4-6617-46F9-8466-77CE70859560}"
EndProject
Project("{9A19103F-16F7-4668-BE54-9A1E7A4F7556}") = "Challenge3", "EasyLevel\Challenge3\Challenge3.csproj", "{4BABF9AF-9DC8-4D07-B4C3-E4C77F9180EB}"
EndProject
Project("{9A19103F-16F7-4668-BE54-9A1E7A4F7556}") = "Challenge4", "EasyLevel\Challenge4\Challenge4.csproj", "{A065588D-D287-4BC0-A3B6-11F21EB57DF8}"
EndProject
Project("{9A19103F-16F7-4668-BE54-9A1E7A4F7556}") = "Challenge5", "EasyLevel\Challenge5\Challenge5.csproj", "{A4E8DB7B-5EC5-4046-9C24-2E2863C777F1}"
EndProject
Project("{9A19103F-16F7-4668-BE54-9A1E7A4F7556}") = "Challenge6", "EasyLevel\Challenge6\Challenge6.csproj", "{D7913324-8F8D-41B2-B4B9-53B07CC58EC1}"
EndProject
Project("{9A19103F-16F7-4668-BE54-9A1E7A4F7556}") = "Challenge7", "EasyLevel\Challenge7\Challenge7.csproj", "{C9A04F8A-F652-4BD9-AE49-4E91A77D91B1}"
EndProject
Project("{9A19103F-16F7-4668-BE54-9A1E7A4F7556}") = "Challenge8", "EasyLevel\Challenge8\Challenge8.csproj", "{9D81C38E-A564-412B-9A1B-250D46C52000}"
EndProject
Project("{9A19103F-16F7-4668-BE54-9A1E7A4F7556}") = "Challenge9", "EasyLevel\Challenge9\Challenge9.csproj", "{671F5C27-6CC9-41DA-92DE-E2B889FC8A01}"
EndProject
Project("{2150E333-8FDC-42A3-9474-1A3956D46DE8}") = "MidLevel", "MidLevel", "{813039FF-B4E7-4C2B-9920-43B6B54884F4}"
EndProject
Project("{9A19103F-16F7-4668-BE54-9A1E7A4F7556}") = "Challenge1", "MidLevel\Challenge1\Challenge1.csproj", "{BCE0B904-D38F-42D0-A888-B073072AAFE0}"
EndProject
Project("{9A19103F-16F7-4668-BE54-9A1E7A4F7556}") = "Challenge10", "MidLevel\Challenge10\Challenge10.csproj", "{B44A5218-11F1-490C-8D59-7895158EBE45}"
EndProject
Project("{9A19103F-16F7-4668-BE54-9A1E7A4F7556}") = "Challenge2", "MidLevel\Challenge2\Challenge2.csproj", "{50AB7037-B252-44B0-BACB-833494E09449}"
EndProject
Project("{9A19103F-16F7-4668-BE54-9A1E7A4F7556}") = "Challenge3", "MidLevel\Challenge3\Challenge3.csproj", "{016DE737-5E07-4C08-AA16-5E2E06493BD7}"
EndProject
Project("{9A19103F-16F7-4668-BE54-9A1E7A4F7556}") = "Challenge4", "MidLevel\Challenge4\Challenge4.csproj", "{3236D712-62A0-4E54-B950-168BDC3B78AB}"
EndProject
Project("{9A19103F-16F7-4668-BE54-9A1E7A4F7556}") = "Challenge5", "MidLevel\Challenge5\Challenge5.csproj", "{700E5089-CA1A-4E5B-96E0-89ECDCE857E9}"
EndProject
Project("{9A19103F-16F7-4668-BE54-9A1E7A4F7556}") = "Challenge6", "MidLevel\Challenge6\Challenge6.csproj", "{7346E57C-EEAB-4A1C-86BA-5324A9CE2C34}"
EndProject
Project("{9A19103F-16F7-4668-BE54-9A1E7A4F7556}") = "Challenge7", "MidLevel\Challenge7\Challenge7.csproj", "{45626D77-8FE0-446E-B713-18C11D1BA393}"
EndProject
Project("{9A19103F-16F7-4668-BE54-9A1E7A4F7556}") = "Challenge8", "MidLevel\Challenge8\Challenge8.csproj", "{2372B4F0-5FD9-4302-8872-108E02F4A442}"
EndProject
Project("{9A19103F-16F7-4668-BE54-9A1E7A4F7556}") = "Challenge9", "MidLevel\Challenge9\Challenge9.csproj", "{C4CF1DBB-853A-4008-8993-8644364A6341}"
EndProject
Global
	GlobalSection(SolutionConfigurationPlatforms) = preSolution
		Debug|Any CPU = Debug|Any CPU
		Release|Any CPU = Release|Any CPU
	EndGlobalSection
	GlobalSection(ProjectConfigurationPlatforms) = postSolution
		{AAFB9B38-DE15-4922-96E4-E0C6BBDE729B}.Debug|Any CPU.ActiveCfg = Debug|Any CPU
		{AAFB9B38-DE15-4922-96E4-E0C6BBDE729B}.Debug|Any CPU.Build.0 = Debug|Any CPU
		{AAFB9B38-DE15-4922-96E4-E0C6BBDE729B}.Release|Any CPU.ActiveCfg = Release|Any CPU
		{AAFB9B38-DE15-4922-96E4-E0C6BBDE729B}.Release|Any CPU.Build.0 = Release|Any CPU
		{B6350F6B-7F45-4FBF-8E0F-BFF0289C44D7}.Debug|Any CPU.ActiveCfg = Debug|Any CPU
		{B6350F6B-7F45-4FBF-8E0F-BFF0289C44D7}.Debug|Any CPU.Build.0 = Debug|Any CPU
		{B6350F6B-7F45-4FBF-8E0F-BFF0289C44D7}.Release|Any CPU.ActiveCfg = Release|Any CPU
		{B6350F6B-7F45-4FBF-8E0F-BFF0289C44D7}.Release|Any CPU.Build.0 = Release|Any CPU
		{D143EAE4-6617-46F9-8466-77CE70859560}.Debug|Any CPU.ActiveCfg = Debug|Any CPU
		{D143EAE4-6617-46F9-8466-77CE70859560}.Debug|Any CPU.Build.0 = Debug|Any CPU
		{D143EAE4-6617-46F9-8466-77CE70859560}.Release|Any CPU.ActiveCfg = Release|Any CPU
		{D143EAE4-6617-46F9-8466-77CE70859560}.Release|Any CPU.Build.0 = Release|Any CPU
		{4BABF9AF-9DC8-4D07-B4C3-E4C77F9180EB}.Debug|Any CPU.ActiveCfg = Debug|Any CPU
		{4BABF9AF-9DC8-4D07-B4C3-E4C77F9180EB}.Debug|Any CPU.Build.0 = Debug|Any CPU
		{4BABF9AF-9DC8-4D07-B4C3-E4C77F9180EB}.Release|Any CPU.ActiveCfg = Release|Any CPU
		{4BABF9AF-9DC8-4D07-B4C3-E4C77F9180EB}.Release|Any CPU.Build.0 = Release|Any CPU
		{A065588D-D287-4BC0-A3B6-11F21EB57DF8}.Debug|Any CPU.ActiveCfg = Debug|Any CPU
		{A065588D-D287-4BC0-A3B6-11F21EB57DF8}.Debug|Any CPU.Build.0 = Debug|Any CPU
		{A065588D-D287-4BC0-A3B6-11F21EB57DF8}.Release|Any CPU.ActiveCfg = Release|Any CPU
		{A065588D-D287-4BC0-A3B6-11F21EB57DF8}.Release|Any CPU.Build.0 = Release|Any CPU
		{A4E8DB7B-5EC5-4046-9C24-2E2863C777F1}.Debug|Any CPU.ActiveCfg = Debug|Any CPU
		{A4E8DB7B-5EC5-4046-9C24-2E2863C777F1}.Debug|Any CPU.Build.0 = Debug|Any CPU
		{A4E8DB7B-5EC5-4046-9C24-2E2863C777F1}.Release|Any CPU.ActiveCfg = Release|Any CPU
		{A4E8DB7B-5EC5-4046-9C24-2E2863C777F1}.Release|Any CPU.Build.0 = Release|Any CPU
		{D7913324-8F8D-41B2-B4B9-53B07CC58EC1}.Debug|Any CPU.ActiveCfg = Debug|Any CPU
		{D7913324-8F8D-41B2-B4B9-53B07CC58EC1}.Debug|Any CPU.Build.0 = Debug|Any CPU
		{D7913324-8F8D-41B2-B4B9-53B07CC58EC1}.Release|Any CPU.ActiveCfg = Release|Any CPU
		{D7913324-8F8D-41B2-B4B9-53B07CC58EC1}.Release|Any CPU.Build.0 = Release|Any CPU
		{C9A04F8A-F652-4BD9-AE49-4E91A77D91B1}.Debug|Any CPU.ActiveCfg = Debug|Any CPU
		{C9A04F8A-F652-4BD9-AE49-4E91A77D91B1}.Debug|Any CPU.Build.0 = Debug|Any CPU
		{C9A04F8A-F652-4BD9-AE49-4E91A77D91B1}.Release|Any CPU.ActiveCfg = Release|Any CPU
		{C9A04F8A-F652-4BD9-AE49-4E91A77D91B1}.Release|Any CPU.Build.0 = Release|Any CPU
		{9D81C38E-A564-412B-9A1B-250D46C52000}.Debug|Any CPU.ActiveCfg = Debug|Any CPU
		{9D81C38E-A564-412B-9A1B-250D46C52000}.Debug|Any CPU.Build.0 = Debug|Any CPU
		{9D81C38E-A564-412B-9A1B-250D46C52000}.Release|Any CPU.ActiveCfg = Release|Any CPU
		{9D81C38E-A564-412B-9A1B-250D46C52000}.Release|Any CPU.Build.0 = Release|Any CPU
		{671F5C27-6CC9-41DA-92DE-E2B889FC8A01}.Debug|Any CPU.ActiveCfg = Debug|Any CPU
		{671F5C27-6CC9-41DA-92DE-E2B889FC8A01}.Debug|Any CPU.Build.0 = Debug|Any CPU
		{671F5C27-6CC9-41DA-92DE-E2B889FC8A01}.Release|Any CPU.ActiveCfg = Release|Any CPU
		{671F5C27-6CC9-41DA-92DE-E2B889FC8A01}.Release|Any CPU.Build.0 = Release|Any CPU
		{BCE0B904-D38F-42D0-A888-B073072AAFE0}.Debug|Any CPU.ActiveCfg = Debug|Any CPU
		{BCE0B904-D38F-42D0-A888-B073072AAFE0}.Debug|Any CPU.Build.0 = Debug|Any CPU
		{BCE0B904-D38F-42D0-A888-B073072AAFE0}.Release|Any CPU.ActiveCfg = Release|Any CPU
		{BCE0B904-D38F-42D0-A888-B073072AAFE0}.Release|Any CPU.Build.0 = Release|Any CPU
		{B44A5218-11F1-490C-8D59-7895158EBE45}.Debug|Any CPU.ActiveCfg = Debug|Any CPU
		{B44A5218-11F1-490C-8D59-7895158EBE45}.Debug|Any CPU.Build.0 = Debug|Any CPU
		{B44A5218-11F1-490C-8D59-7895158EBE45}.Release|Any CPU.ActiveCfg = Release|Any CPU
		{B44A5218-11F1-490C-8D59-7895158EBE45}.Release|Any CPU.Build.0 = Release|Any CPU
		{50AB7037-B252-44B0-BACB-833494E09449}.Debug|Any CPU.ActiveCfg = Debug|Any CPU
		{50AB7037-B252-44B0-BACB-833494E09449}.Debug|Any CPU.Build.0 = Debug|Any CPU
		{50AB7037-B252-44B0-BACB-833494E09449}.Release|Any CPU.ActiveCfg = Release|Any CPU
		{50AB7037-B252-44B0-BACB-833494E09449}.Release|Any CPU.Build.0 = Release|Any CPU
		{016DE737-5E07-4C08-AA16-5E2E06493BD7}.Debug|Any CPU.ActiveCfg = Debug|Any CPU
		{016DE737-5E07-4C08-AA16-5E2E06493BD7}.Debug|Any CPU.Build.0 = Debug|Any CPU
		{016DE737-5E07-4C08-AA16-5E2E06493BD7}.Release|Any CPU.ActiveCfg = Release|Any CPU
		{016DE737-5E07-4C08-AA16-5E2E06493BD7}.Release|Any CPU.Build.0 = Release|Any CPU
		{3236D712-62A0-4E54-B950-168BDC3B78AB}.Debug|Any CPU.ActiveCfg = Debug|Any CPU
		{3236D712-62A0-4E54-B950-168BDC3B78AB}.Debug|Any CPU.Build.0 = Debug|Any CPU
		{3236D712-62A0-4E54-B950-168BDC3B78AB}.Release|Any CPU.ActiveCfg = Release|Any CPU
		{3236D712-62A0-4E54-B950-168BDC3B78AB}.Release|Any CPU.Build.0 = Release|Any CPU
		{700E5089-CA1A-4E5B-96E0-89ECDCE857E9}.Debug|Any CPU.ActiveCfg = Debug|Any CPU
		{700E5089-CA1A-4E5B-96E0-89ECDCE857E9}.Debug|Any CPU.Build.0 = Debug|Any CPU
		{700E5089-CA1A-4E5B-96E0-89ECDCE857E9}.Release|Any CPU.ActiveCfg = Release|Any CPU
		{700E5089-CA1A-4E5B-96E0-89ECDCE857E9}.Release|Any CPU.Build.0 = Release|Any CPU
		{7346E57C-EEAB-4A1C-86BA-5324A9CE2C34}.Debug|Any CPU.ActiveCfg = Debug|Any CPU
		{7346E57C-EEAB-4A1C-86BA-5324A9CE2C34}.Debug|Any CPU.Build.0 = Debug|Any CPU
		{7346E57C-EEAB-4A1C-86BA-5324A9CE2C34}.Release|Any CPU.ActiveCfg = Release|Any CPU
		{7346E57C-EEAB-4A1C-86BA-5324A9CE2C34}.Release|Any CPU.Build.0 = Release|Any CPU
		{45626D77-8FE0-446E-B713-18C11D1BA393}.Debug|Any CPU.ActiveCfg = Debug|Any CPU
		{45626D77-8FE0-446E-B713-18C11D1BA393}.Debug|Any CPU.Build.0 = Debug|Any CPU
		{45626D77-8FE0-446E-B713-18C11D1BA393}.Release|Any CPU.ActiveCfg = Release|Any CPU
		{45626D77-8FE0-446E-B713-18C11D1BA393}.Release|Any CPU.Build.0 = Release|Any CPU
		{2372B4F0-5FD9-4302-8872-108E02F4A442}.Debug|Any CPU.ActiveCfg = Debug|Any CPU
		{2372B4F0-5FD9-4302-8872-108E02F4A442}.Debug|Any CPU.Build.0 = Debug|Any CPU
		{2372B4F0-5FD9-4302-8872-108E02F4A442}.Release|Any CPU.ActiveCfg = Release|Any CPU
		{2372B4F0-5FD9-4302-8872-108E02F4A442}.Release|Any CPU.Build.0 = Release|Any CPU
		{C4CF1DBB-853A-4008-8993-8644364A6341}.Debug|Any CPU.ActiveCfg = Debug|Any CPU
		{C4CF1DBB-853A-4008-8993-8644364A6341}.Debug|Any CPU.Build.0 = Debug|Any CPU
		{C4CF1DBB-853A-4008-8993-8644364A6341}.Release|Any CPU.ActiveCfg = Release|Any CPU
		{C4CF1DBB-853A-4008-8993-8644364A6341}.Release|Any CPU.Build.0 = Release|Any CPU
	EndGlobalSection
	GlobalSection(SolutionProperties) = preSolution
		HideSolutionNode = FALSE
	EndGlobalSection
	GlobalSection(NestedProjects) = preSolution
		{AAFB9B38-DE15-4922-96E4-E0C6BBDE729B} = {0BE3A54E-0601-4739-88D9-CEE56D1D304A}
		{B6350F6B-7F45-4FBF-8E0F-BFF0289C44D7} = {0BE3A54E-0601-4739-88D9-CEE56D1D304A}
		{D143EAE4-6617-46F9-8466-77CE70859560} = {0BE3A54E-0601-4739-88D9-CEE56D1D304A}
		{4BABF9AF-9DC8-4D07-B4C3-E4C77F9180EB} = {0BE3A54E-0601-4739-88D9-CEE56D1D304A}
		{A065588D-D287-4BC0-A3B6-11F21EB57DF8} = {0BE3A54E-0601-4739-88D9-CEE56D1D304A}
		{A4E8DB7B-5EC5-4046-9C24-2E2863C777F1} = {0BE3A54E-0601-4739-88D9-CEE56D1D304A}
		{D7913324-8F8D-41B2-B4B9-53B07CC58EC1} = {0BE3A54E-0601-4739-88D9-CEE56D1D304A}
		{C9A04F8A-F652-4BD9-AE49-4E91A77D91B1} = {0BE3A54E-0601-4739-88D9-CEE56D1D304A}
		{9D81C38E-A564-412B-9A1B-250D46C52000} = {0BE3A54E-0601-4739-88D9-CEE56D1D304A}
		{671F5C27-6CC9-41DA-92DE-E2B889FC8A01} = {0BE3A54E-0601-4739-88D9-CEE56D1D304A}
		{BCE0B904-D38F-42D0-A888-B073072AAFE0} = {813039FF-B4E7-4C2B-9920-43B6B54884F4}
		{B44A5218-11F1-490C-8D59-7895158EBE45} = {813039FF-B4E7-4C2B-9920-43B6B54884F4}
		{50AB7037-B252-44B0-BACB-833494E09449} = {813039FF-B4E7-4C2B-9920-43B6B54884F4}
		{016DE737-5E07-4C08-AA16-5E2E06493BD7} = {813039FF-B4E7-4C2B-9920-43B6B54884F4}
		{3236D712-62A0-4E54-B950-168BDC3B78AB} = {813039FF-B4E7-4C2B-9920-43B6B54884F4}
		{700E5089-CA1A-4E5B-96E0-89ECDCE857E9} = {813039FF-B4E7-4C2B-9920-43B6B54884F4}
		{7346E57C-EEAB-4A1C-86BA-5324A9CE2C34} = {813039FF-B4E7-4C2B-9920-43B6B54884F4}
		{45626D77-8FE0-446E-B713-18C11D1BA393} = {813039FF-B4E7-4C2B-9920-43B6B54884F4}
		{2372B4F0-5FD9-4302-8872-108E02F4A442} = {813039FF-B4E7-4C2B-9920-43B6B54884F4}
		{C4CF1DBB-853A-4008-8993-8644364A6341} = {813039FF-B4E7-4C2B-9920-43B6B54884F4}
	EndGlobalSection
	GlobalSection(ExtensibilityGlobals) = postSolution
		SolutionGuid = {0FBF868F-04C1-43B0-99CF-D3A30AED6C8D}
	EndGlobalSection
EndGlobal
